
Microsoft Visual Studio Solution File, Format Version 12.00
# Visual Studio Version 16
VisualStudioVersion = 16.0.30413.136
MinimumVisualStudioVersion = 10.0.40219.1
Project("{FAE04EC0-301F-11D3-BF4B-00C04F79EFBC}") = "WebApplication1", "WebApplication1\WebApplication1.csproj", "{C7C5DD01-FE03-427B-9766-15CB17568AAA}"
EndProject
Global
	GlobalSection(SolutionConfigurationPlatforms) = preSolution
		Debug|Any CPU = Debug|Any CPU
		Release|Any CPU = Release|Any CPU
	EndGlobalSection
	GlobalSection(ProjectConfigurationPlatforms) = postSolution
		{C7C5DD01-FE03-427B-9766-15CB17568AAA}.Debug|Any CPU.ActiveCfg = Debug|Any CPU
		{C7C5DD01-FE03-427B-9766-15CB17568AAA}.Debug|Any CPU.Build.0 = Debug|Any CPU
		{C7C5DD01-FE03-427B-9766-15CB17568AAA}.Release|Any CPU.ActiveCfg = Release|Any CPU
		{C7C5DD01-FE03-427B-9766-15CB17568AAA}.Release|Any CPU.Build.0 = Release|Any CPU
	EndGlobalSection
	GlobalSection(SolutionProperties) = preSolution
		HideSolutionNode = FALSE
	EndGlobalSection
	GlobalSection(ExtensibilityGlobals) = postSolution
		SolutionGuid = {640B9FC2-CFD0-45BA-A4AB-9929446ADAF4}
	EndGlobalSection
EndGlobal
